Microsoft Visual Studio Solution File, Format Version 12.00
# Visual Studio Version 17
VisualStudioVersion = 17.5.2.0
MinimumVisualStudioVersion = 10.0.40219.1
Project("{FAE04EC0-301F-11D3-BF4B-00C04F79EFBC}") = "OrchestrationScenarios", "OrchestrationScenarios.csproj", "{9A3C9F53-40BE-96A6-A757-B0B82A9B23BB}"
EndProject
Global
	GlobalSection(SolutionConfigurationPlatforms) = preSolution
		Debug|Any CPU = Debug|Any CPU
		Release|Any CPU = Release|Any CPU
	EndGlobalSection
	GlobalSection(ProjectConfigurationPlatforms) = postSolution
		{9A3C9F53-40BE-96A6-A757-B0B82A9B23BB}.Debug|Any CPU.ActiveCfg = Debug|Any CPU
		{9A3C9F53-40BE-96A6-A757-B0B82A9B23BB}.Debug|Any CPU.Build.0 = Debug|Any CPU
		{9A3C9F53-40BE-96A6-A757-B0B82A9B23BB}.Release|Any CPU.ActiveCfg = Release|Any CPU
		{9A3C9F53-40BE-96A6-A757-B0B82A9B23BB}.Release|Any CPU.Build.0 = Release|Any CPU
	EndGlobalSection
	GlobalSection(SolutionProperties) = preSolution
		HideSolutionNode = FALSE
	EndGlobalSection
	GlobalSection(ExtensibilityGlobals) = postSolution
		SolutionGuid = {67943D0B-2420-4540-9784-42D8A9BD8C01}
	EndGlobalSection
EndGlobal
